
Microsoft Visual Studio Solution File, Format Version 12.00
# Visual Studio Version 17
VisualStudioVersion = 17.10.35013.160
MinimumVisualStudioVersion = 10.0.40219.1
Project("{FAE04EC0-301F-11D3-BF4B-00C04F79EFBC}") = "Module 32", "Module 32\Module 32.csproj", "{3FA10B1B-C900-4FA2-9514-A6837AB3A3A7}"
EndProject
Global
	GlobalSection(SolutionConfigurationPlatforms) = preSolution
		Debug|Any CPU = Debug|Any CPU
		Release|Any CPU = Release|Any CPU
	EndGlobalSection
	GlobalSection(ProjectConfigurationPlatforms) = postSolution
		{3FA10B1B-C900-4FA2-9514-A6837AB3A3A7}.Debug|Any CPU.ActiveCfg = Debug|Any CPU
		{3FA10B1B-C900-4FA2-9514-A6837AB3A3A7}.Debug|Any CPU.Build.0 = Debug|Any CPU
		{3FA10B1B-C900-4FA2-9514-A6837AB3A3A7}.Release|Any CPU.ActiveCfg = Release|Any CPU
		{3FA10B1B-C900-4FA2-9514-A6837AB3A3A7}.Release|Any CPU.Build.0 = Release|Any CPU
	EndGlobalSection
	GlobalSection(SolutionProperties) = preSolution
		HideSolutionNode = FALSE
	EndGlobalSection
	GlobalSection(ExtensibilityGlobals) = postSolution
		SolutionGuid = {9400537A-78FC-408B-8D9D-E51BF0C8C5F9}
	EndGlobalSection
EndGlobal
